{
  "nodes": {
    "deploy-rs": {
      "inputs": {
        "flake-compat": "flake-compat",
        "nixpkgs": "nixpkgs",
        "utils": "utils"
      },
      "locked": {
        "lastModified": 1770019181,
        "narHash": "sha256-hwsYgDnby50JNVpTRYlF3UR/Rrpt01OrxVuryF40CFY=",
        "owner": "serokell",
        "repo": "deploy-rs",
        "rev": "77c906c0ba56aabdbc72041bf9111b565cdd6171",
        "type": "github"
      },
      "original": {
        "owner": "serokell",
        "repo": "deploy-rs",
        "type": "github"
      }
    },
    "devshell": {
      "inputs": {
        "nixpkgs": [
          "nixpkgs"
        ]
      },
      "locked": {
        "lastModified": 1768818222,
        "narHash": "sha256-460jc0+CZfyaO8+w8JNtlClB2n4ui1RbHfPTLkpwhU8=",
        "owner": "numtide",
        "repo": "devshell",
        "rev": "255a2b1725a20d060f566e4755dbf571bbbb5f76",
        "type": "github"
      },
      "original": {
        "owner": "numtide",
        "repo": "devshell",
        "type": "github"
      }
    },
    "disko": {
      "inputs": {
        "nixpkgs": [
          "nixpkgs"
        ]
      },
      "locked": {
        "lastModified": 1771469470,
        "narHash": "sha256-GnqdqhrguKNN3HtVfl6z+zbV9R9jhHFm3Z8nu7R6ml0=",
        "owner": "nix-community",
        "repo": "disko",
        "rev": "4707eec8d1d2db5182ea06ed48c820a86a42dc13",
        "type": "github"
      },
      "original": {
        "owner": "nix-community",
        "repo": "disko",
        "type": "github"
      }
    },
    "dnscontrol-nix": {
      "inputs": {
        "flake-utils": "flake-utils",
        "nixpkgs": [
          "nixpkgs"
        ],
        "treefmt-nix": "treefmt-nix"
      },
      "locked": {
        "lastModified": 1754681896,
        "narHash": "sha256-0K0jxLI9yQDDNJ6mfxCtZUapxBrPiUAvFcNNvDCI+/s=",
        "ref": "refs/heads/main",
        "rev": "91dbb68213faa7db12fa78ba7ef0c88cb59e69bb",
        "revCount": 12,
        "type": "git",
        "url": "https://codeberg.org/hu5ky/dnscontrol-nix.git"
      },
      "original": {
        "type": "git",
        "url": "https://codeberg.org/hu5ky/dnscontrol-nix.git"
      }
    },
    "flake-compat": {
      "flake": false,
      "locked": {
        "lastModified": 1733328505,
        "narHash": "sha256-NeCCThCEP3eCl2l/+27kNNK7QrwZB1IJCrXfrbv5oqU=",
        "owner": "edolstra",
        "repo": "flake-compat",
        "rev": "ff81ac966bb2cae68946d5ed5fc4994f96d0ffec",
        "type": "github"
      },
      "original": {
        "owner": "edolstra",
        "repo": "flake-compat",
        "type": "github"
      }
    },
    "flake-compat_2": {
      "flake": false,
      "locked": {
        "lastModified": 1767039857,
        "narHash": "sha256-vNpUSpF5Nuw8xvDLj2KCwwksIbjua2LZCqhV1LNRDns=",
        "owner": "NixOS",
        "repo": "flake-compat",
        "rev": "5edf11c44bc78a0d334f6334cdaf7d60d732daab",
        "type": "github"
      },
      "original": {
        "owner": "NixOS",
        "repo": "flake-compat",
        "type": "github"
      }
    },
    "flake-parts": {
      "inputs": {
        "nixpkgs-lib": [
          "nixpkgs"
        ]
      },
      "locked": {
        "lastModified": 1769996383,
        "narHash": "sha256-AnYjnFWgS49RlqX7LrC4uA+sCCDBj0Ry/WOJ5XWAsa0=",
        "owner": "hercules-ci",
        "repo": "flake-parts",
        "rev": "57928607ea566b5db3ad13af0e57e921e6b12381",
        "type": "github"
      },
      "original": {
        "owner": "hercules-ci",
        "repo": "flake-parts",
        "type": "github"
      }
    },
    "flake-utils": {
      "inputs": {
        "systems": "systems_2"
      },
      "locked": {
        "lastModified": 1731533236,
        "narHash": "sha256-l0KFg5HjrsfsO/JpG+r7fRrqm12kzFHyUHqHCVpMMbI=",
        "owner": "numtide",
        "repo": "flake-utils",
        "rev": "11707dc2f618dd54ca8739b309ec4fc024de578b",
        "type": "github"
      },
      "original": {
        "owner": "numtide",
        "repo": "flake-utils",
        "type": "github"
      }
    },
    "git-hooks-nix": {
      "inputs": {
        "flake-compat": "flake-compat_2",
        "gitignore": "gitignore",
        "nixpkgs": [
          "nixpkgs"
        ]
      },
      "locked": {
        "lastModified": 1770726378,
        "narHash": "sha256-kck+vIbGOaM/dHea7aTBxdFYpeUl/jHOy5W3eyRvVx8=",
        "owner": "cachix",
        "repo": "git-hooks.nix",
        "rev": "5eaaedde414f6eb1aea8b8525c466dc37bba95ae",
        "type": "github"
      },
      "original": {
        "owner": "cachix",
        "repo": "git-hooks.nix",
        "type": "github"
      }
    },
    "gitignore": {
      "inputs": {
        "nixpkgs": [
          "git-hooks-nix",
          "nixpkgs"
        ]
      },
      "locked": {
        "lastModified": 1709087332,
        "narHash": "sha256-HG2cCnktfHsKV0s4XW83gU3F57gaTljL9KNSuG6bnQs=",
        "owner": "hercules-ci",
        "repo": "gitignore.nix",
        "rev": "637db329424fd7e46cf4185293b9cc8c88c95394",
        "type": "github"
      },
      "original": {
        "owner": "hercules-ci",
        "repo": "gitignore.nix",
        "type": "github"
      }
    },
    "nixpkgs": {
      "locked": {
        "lastModified": 1743014863,
        "narHash": "sha256-jAIUqsiN2r3hCuHji80U7NNEafpIMBXiwKlSrjWMlpg=",
        "owner": "NixOS",
        "repo": "nixpkgs",
        "rev": "bd3bac8bfb542dbde7ffffb6987a1a1f9d41699f",
        "type": "github"
      },
      "original": {
        "owner": "NixOS",
        "ref": "nixpkgs-unstable",
        "repo": "nixpkgs",
        "type": "github"
      }
    },
    "nixpkgs_2": {
      "locked": {
        "lastModified": 1747958103,
        "narHash": "sha256-qmmFCrfBwSHoWw7cVK4Aj+fns+c54EBP8cGqp/yK410=",
        "owner": "nixos",
        "repo": "nixpkgs",
        "rev": "fe51d34885f7b5e3e7b59572796e1bcb427eccb1",
        "type": "github"
      },
      "original": {
        "owner": "nixos",
        "ref": "nixpkgs-unstable",
        "repo": "nixpkgs",
        "type": "github"
      }
    },
    "nixpkgs_3": {
      "locked": {
        "lastModified": 1771695728,
        "narHash": "sha256-RAnMHq+RlabYmatQBV8iD1t5rqwwjiG6nKfK0cDuSe4=",
        "owner": "nixos",
        "repo": "nixpkgs",
        "rev": "45e6c67fb39a12e5073c29f415771f5b6e9d7e05",
        "type": "github"
      },
      "original": {
        "owner": "nixos",
        "ref": "nixos-25.11-small",
        "repo": "nixpkgs",
        "type": "github"
      }
    },
    "root": {
      "inputs": {
        "deploy-rs": "deploy-rs",
        "devshell": "devshell",
        "disko": "disko",
        "dnscontrol-nix": "dnscontrol-nix",
        "flake-parts": "flake-parts",
        "git-hooks-nix": "git-hooks-nix",
        "nixpkgs": "nixpkgs_3",
        "sops-nix": "sops-nix"
      }
    },
    "sops-nix": {
      "inputs": {
        "nixpkgs": [
          "nixpkgs"
        ]
      },
      "locked": {
        "lastModified": 1771524872,
        "narHash": "sha256-eksVUcUsfS9mQx4D9DrYu88u9w70bAf+n6KmTDuIGEE=",
        "owner": "Mic92",
        "repo": "sops-nix",
        "rev": "e85540ffe97322dc1fea14dd11cdc2f59d540ac7",
        "type": "github"
      },
      "original": {
        "owner": "Mic92",
        "repo": "sops-nix",
        "type": "github"
      }
    },
    "systems": {
      "locked": {
        "lastModified": 1681028828,
        "narHash": "sha256-Vy1rq5AaRuLzOxct8nz4T6wlgyUR7zLU309k9mBC768=",
        "owner": "nix-systems",
        "repo": "default",
        "rev": "da67096a3b9bf56a91d16901293e51ba5b49a27e",
        "type": "github"
      },
      "original": {
        "owner": "nix-systems",
        "repo": "default",
        "type": "github"
      }
    },
    "systems_2": {
      "locked": {
        "lastModified": 1681028828,
        "narHash": "sha256-Vy1rq5AaRuLzOxct8nz4T6wlgyUR7zLU309k9mBC768=",
        "owner": "nix-systems",
        "repo": "default",
        "rev": "da67096a3b9bf56a91d16901293e51ba5b49a27e",
        "type": "github"
      },
      "original": {
        "owner": "nix-systems",
        "repo": "default",
        "type": "github"
      }
    },
    "treefmt-nix": {
      "inputs": {
        "nixpkgs": "nixpkgs_2"
      },
      "locked": {
        "lastModified": 1753772294,
        "narHash": "sha256-8rkd13WfClfZUBIYpX5dvG3O9V9w3K9FPQ9rY14VtBE=",
        "owner": "numtide",
        "repo": "treefmt-nix",
        "rev": "6b9214fffbcf3f1e608efa15044431651635ca83",
        "type": "github"
      },
      "original": {
        "owner": "numtide",
        "repo": "treefmt-nix",
        "type": "github"
      }
    },
    "utils": {
      "inputs": {
        "systems": "systems"
      },
      "locked": {
        "lastModified": 1731533236,
        "narHash": "sha256-l0KFg5HjrsfsO/JpG+r7fRrqm12kzFHyUHqHCVpMMbI=",
        "owner": "numtide",
        "repo": "flake-utils",
        "rev": "11707dc2f618dd54ca8739b309ec4fc024de578b",
        "type": "github"
      },
      "original": {
        "owner": "numtide",
        "repo": "flake-utils",
        "type": "github"
      }
    }
  },
  "root": "root",
  "version": 7
}
